
Microsoft Visual Studio Solution File, Format Version 12.00
# Visual Studio Version 17
VisualStudioVersion = 17.13.35931.197
MinimumVisualStudioVersion = 10.0.40219.1
Project("{FAE04EC0-301F-11D3-BF4B-00C04F79EFBC}") = "Fronius.Library.Services", "Fronius.Library.Services\Fronius.Library.Services.csproj", "{CC4B3428-A603-4D54-9D38-5534A71C12D7}"
EndProject
Project("{FAE04EC0-301F-11D3-BF4B-00C04F79EFBC}") = "Fronius.Library.API", "Fronius.Library.API\Fronius.Library.API.csproj", "{A8C37ABF-9530-44FD-BAA9-1A8C55E5B956}"
EndProject
Project("{FAE04EC0-301F-11D3-BF4B-00C04F79EFBC}") = "Fronius.Library.UnitTest", "Fronius.Library.UnitTest\Fronius.Library.UnitTest.csproj", "{9E11B676-12C6-4BF9-A771-E134BB6C6FDD}"
EndProject
Global
	GlobalSection(SolutionConfigurationPlatforms) = preSolution
		Debug|Any CPU = Debug|Any CPU
		Release|Any CPU = Release|Any CPU
	EndGlobalSection
	GlobalSection(ProjectConfigurationPlatforms) = postSolution
		{CC4B3428-A603-4D54-9D38-5534A71C12D7}.Debug|Any CPU.ActiveCfg = Debug|Any CPU
		{CC4B3428-A603-4D54-9D38-5534A71C12D7}.Debug|Any CPU.Build.0 = Debug|Any CPU
		{CC4B3428-A603-4D54-9D38-5534A71C12D7}.Release|Any CPU.ActiveCfg = Release|Any CPU
		{CC4B3428-A603-4D54-9D38-5534A71C12D7}.Release|Any CPU.Build.0 = Release|Any CPU
		{A8C37ABF-9530-44FD-BAA9-1A8C55E5B956}.Debug|Any CPU.ActiveCfg = Debug|Any CPU
		{A8C37ABF-9530-44FD-BAA9-1A8C55E5B956}.Debug|Any CPU.Build.0 = Debug|Any CPU
		{A8C37ABF-9530-44FD-BAA9-1A8C55E5B956}.Release|Any CPU.ActiveCfg = Release|Any CPU
		{A8C37ABF-9530-44FD-BAA9-1A8C55E5B956}.Release|Any CPU.Build.0 = Release|Any CPU
		{9E11B676-12C6-4BF9-A771-E134BB6C6FDD}.Debug|Any CPU.ActiveCfg = Debug|Any CPU
		{9E11B676-12C6-4BF9-A771-E134BB6C6FDD}.Debug|Any CPU.Build.0 = Debug|Any CPU
		{9E11B676-12C6-4BF9-A771-E134BB6C6FDD}.Release|Any CPU.ActiveCfg = Release|Any CPU
		{9E11B676-12C6-4BF9-A771-E134BB6C6FDD}.Release|Any CPU.Build.0 = Release|Any CPU
	EndGlobalSection
	GlobalSection(SolutionProperties) = preSolution
		HideSolutionNode = FALSE
	EndGlobalSection
	GlobalSection(ExtensibilityGlobals) = postSolution
		SolutionGuid = {B84C252D-3CA0-4CB4-B271-8C587792CB69}
	EndGlobalSection
EndGlobal
